
Microsoft Visual Studio Solution File, Format Version 12.00
# Visual Studio 15
VisualStudioVersion = 15.0.26430.13
MinimumVisualStudioVersion = 10.0.40219.1
Project("{FAE04EC0-301F-11D3-BF4B-00C04F79EFBC}") = "CS7", "CS7\CS7.csproj", "{B1E35727-D319-4BC5-837D-91984BBDC78C}"
EndProject
Project("{FAE04EC0-301F-11D3-BF4B-00C04F79EFBC}") = "CS7.Tests", "CS7.Tests\CS7.Tests.csproj", "{64F5F36B-B58D-4019-9340-62E1D42193D9}"
EndProject
Global
	GlobalSection(SolutionConfigurationPlatforms) = preSolution
		Debug|Any CPU = Debug|Any CPU
		Release|Any CPU = Release|Any CPU
	EndGlobalSection
	GlobalSection(ProjectConfigurationPlatforms) = postSolution
		{B1E35727-D319-4BC5-837D-91984BBDC78C}.Debug|Any CPU.ActiveCfg = Debug|Any CPU
		{B1E35727-D319-4BC5-837D-91984BBDC78C}.Debug|Any CPU.Build.0 = Debug|Any CPU
		{B1E35727-D319-4BC5-837D-91984BBDC78C}.Release|Any CPU.ActiveCfg = Release|Any CPU
		{B1E35727-D319-4BC5-837D-91984BBDC78C}.Release|Any CPU.Build.0 = Release|Any CPU
		{64F5F36B-B58D-4019-9340-62E1D42193D9}.Debug|Any CPU.ActiveCfg = Debug|Any CPU
		{64F5F36B-B58D-4019-9340-62E1D42193D9}.Debug|Any CPU.Build.0 = Debug|Any CPU
		{64F5F36B-B58D-4019-9340-62E1D42193D9}.Release|Any CPU.ActiveCfg = Release|Any CPU
		{64F5F36B-B58D-4019-9340-62E1D42193D9}.Release|Any CPU.Build.0 = Release|Any CPU
	EndGlobalSection
	GlobalSection(SolutionProperties) = preSolution
		HideSolutionNode = FALSE
	EndGlobalSection
EndGlobal
