
Microsoft Visual Studio Solution File, Format Version 12.00
# Visual Studio 15
VisualStudioVersion = 15.0.26430.13
MinimumVisualStudioVersion = 10.0.40219.1
Project("{9A19103F-16F7-4668-BE54-9A1E7A4F7556}") = "CS7.Tests", "CS7.Tests\CS7.Tests.csproj", "{64F5F36B-B58D-4019-9340-62E1D42193D9}"
EndProject
Project("{9A19103F-16F7-4668-BE54-9A1E7A4F7556}") = "WhatsNewInCS7", "WhatsNewInCS7\WhatsNewInCS7.csproj", "{17E612AA-7C32-4A13-B1C4-B175DDF55EF1}"
EndProject
Project("{2150E333-8FDC-42A3-9474-1A3956D46DE8}") = "Tests", "Tests", "{C65FD6DB-F6AD-4528-902D-7D348E95DDB9}"
EndProject
Project("{9A19103F-16F7-4668-BE54-9A1E7A4F7556}") = "WhatsNewInCS7.Tests", "WhatsNewInCS7.Tests\WhatsNewInCS7.Tests.csproj", "{5CB3EFD8-31FB-4818-AAF9-4EAEC6E9A1CF}"
EndProject
Project("{2150E333-8FDC-42A3-9474-1A3956D46DE8}") = "Text", "Text", "{87415FE8-4617-47D8-8E58-E42597F91D91}"
	ProjectSection(SolutionItems) = preProject
		Readme.txt = Readme.txt
	EndProjectSection
EndProject
Project("{FAE04EC0-301F-11D3-BF4B-00C04F79EFBC}") = "ExceptionFilters", "ExceptionFilters\ExceptionFilters.csproj", "{52F1308B-8861-40F1-8FDD-2FCA4AD29E38}"
EndProject
Project("{FAE04EC0-301F-11D3-BF4B-00C04F79EFBC}") = "FunWithAwaiters", "FunWithAwaiters\FunWithAwaiters.csproj", "{3C95E21E-8080-4007-BD07-62ACDB4F02FE}"
EndProject
Project("{FAE04EC0-301F-11D3-BF4B-00C04F79EFBC}") = "LinqToOperators", "LinqToOperators\LinqToOperators.csproj", "{3B6E7F7F-852F-4686-AFCC-1801E1AA614B}"
EndProject
Project("{FAE04EC0-301F-11D3-BF4B-00C04F79EFBC}") = "NullConditional", "NullConditional\NullConditional.csproj", "{E510ED31-7960-424E-90DB-B0C9B0C9B497}"
EndProject
Project("{FAE04EC0-301F-11D3-BF4B-00C04F79EFBC}") = "OddsAndEnds", "OddsAndEnds\OddsAndEnds.csproj", "{7585BEF9-0348-4CC3-AA9E-C77DF3C5DE11}"
EndProject
Project("{FAE04EC0-301F-11D3-BF4B-00C04F79EFBC}") = "OperatorAbuse", "OperatorAbuse\OperatorAbuse.csproj", "{633A7C59-06B0-44B1-94F7-877EE5E7D3B1}"
EndProject
Project("{FAE04EC0-301F-11D3-BF4B-00C04F79EFBC}") = "Performance", "Performance\Performance.csproj", "{7B6AECB5-CCD7-4F91-9D8A-5CAF92B9EDA6}"
EndProject
Project("{FAE04EC0-301F-11D3-BF4B-00C04F79EFBC}") = "StringInterpolation", "StringInterpolation\StringInterpolation.csproj", "{F66F5289-FCDF-41E9-AA8A-7D44BA122E5A}"
EndProject
Project("{FAE04EC0-301F-11D3-BF4B-00C04F79EFBC}") = "VersionDetection", "VersionDetection\VersionDetection.csproj", "{C69B3861-8D0D-4582-9E53-B03711ADF9A3}"
EndProject
Project("{FAE04EC0-301F-11D3-BF4B-00C04F79EFBC}") = "VersionHelper", "VersionHelper\VersionHelper.csproj", "{DF7FC088-6A47-4C32-9D86-BAF31D8EECF4}"
EndProject
Project("{FAE04EC0-301F-11D3-BF4B-00C04F79EFBC}") = "WhatTheHeck", "WhatTheHeck\WhatTheHeck.csproj", "{E3321E4F-EA4D-474C-ADBB-B2FA45BF1F51}"
EndProject
Project("{FAE04EC0-301F-11D3-BF4B-00C04F79EFBC}") = "WhatTheHeck2", "WhatTheHeck2\WhatTheHeck2.csproj", "{2CED56D7-028F-474C-ABC3-6F332A61D32A}"
EndProject
Project("{FAE04EC0-301F-11D3-BF4B-00C04F79EFBC}") = "WrappingAsync", "WrappingAsync\WrappingAsync.csproj", "{1C5FC668-B8AC-4B87-B053-BACAAD003DBF}"
EndProject
Project("{2150E333-8FDC-42A3-9474-1A3956D46DE8}") = "WhatIsNew", "WhatIsNew", "{C42FCAF8-5DAB-492C-9523-5FBF8D4B81FC}"
EndProject
Project("{2150E333-8FDC-42A3-9474-1A3956D46DE8}") = "AbusingCS", "AbusingCS", "{A6B8C718-C0B7-413E-8247-347B57A7682A}"
EndProject
Global
	GlobalSection(SolutionConfigurationPlatforms) = preSolution
		Debug|Any CPU = Debug|Any CPU
		Release|Any CPU = Release|Any CPU
	EndGlobalSection
	GlobalSection(ProjectConfigurationPlatforms) = postSolution
		{64F5F36B-B58D-4019-9340-62E1D42193D9}.Debug|Any CPU.ActiveCfg = Debug|Any CPU
		{64F5F36B-B58D-4019-9340-62E1D42193D9}.Debug|Any CPU.Build.0 = Debug|Any CPU
		{64F5F36B-B58D-4019-9340-62E1D42193D9}.Release|Any CPU.ActiveCfg = Release|Any CPU
		{64F5F36B-B58D-4019-9340-62E1D42193D9}.Release|Any CPU.Build.0 = Release|Any CPU
		{17E612AA-7C32-4A13-B1C4-B175DDF55EF1}.Debug|Any CPU.ActiveCfg = Debug|Any CPU
		{17E612AA-7C32-4A13-B1C4-B175DDF55EF1}.Debug|Any CPU.Build.0 = Debug|Any CPU
		{17E612AA-7C32-4A13-B1C4-B175DDF55EF1}.Release|Any CPU.ActiveCfg = Release|Any CPU
		{17E612AA-7C32-4A13-B1C4-B175DDF55EF1}.Release|Any CPU.Build.0 = Release|Any CPU
		{5CB3EFD8-31FB-4818-AAF9-4EAEC6E9A1CF}.Debug|Any CPU.ActiveCfg = Debug|Any CPU
		{5CB3EFD8-31FB-4818-AAF9-4EAEC6E9A1CF}.Debug|Any CPU.Build.0 = Debug|Any CPU
		{5CB3EFD8-31FB-4818-AAF9-4EAEC6E9A1CF}.Release|Any CPU.ActiveCfg = Release|Any CPU
		{5CB3EFD8-31FB-4818-AAF9-4EAEC6E9A1CF}.Release|Any CPU.Build.0 = Release|Any CPU
		{52F1308B-8861-40F1-8FDD-2FCA4AD29E38}.Debug|Any CPU.ActiveCfg = Debug|Any CPU
		{52F1308B-8861-40F1-8FDD-2FCA4AD29E38}.Debug|Any CPU.Build.0 = Debug|Any CPU
		{52F1308B-8861-40F1-8FDD-2FCA4AD29E38}.Release|Any CPU.ActiveCfg = Release|Any CPU
		{52F1308B-8861-40F1-8FDD-2FCA4AD29E38}.Release|Any CPU.Build.0 = Release|Any CPU
		{3C95E21E-8080-4007-BD07-62ACDB4F02FE}.Debug|Any CPU.ActiveCfg = Debug|Any CPU
		{3C95E21E-8080-4007-BD07-62ACDB4F02FE}.Debug|Any CPU.Build.0 = Debug|Any CPU
		{3C95E21E-8080-4007-BD07-62ACDB4F02FE}.Release|Any CPU.ActiveCfg = Release|Any CPU
		{3C95E21E-8080-4007-BD07-62ACDB4F02FE}.Release|Any CPU.Build.0 = Release|Any CPU
		{3B6E7F7F-852F-4686-AFCC-1801E1AA614B}.Debug|Any CPU.ActiveCfg = Debug|Any CPU
		{3B6E7F7F-852F-4686-AFCC-1801E1AA614B}.Debug|Any CPU.Build.0 = Debug|Any CPU
		{3B6E7F7F-852F-4686-AFCC-1801E1AA614B}.Release|Any CPU.ActiveCfg = Release|Any CPU
		{3B6E7F7F-852F-4686-AFCC-1801E1AA614B}.Release|Any CPU.Build.0 = Release|Any CPU
		{E510ED31-7960-424E-90DB-B0C9B0C9B497}.Debug|Any CPU.ActiveCfg = Debug|Any CPU
		{E510ED31-7960-424E-90DB-B0C9B0C9B497}.Debug|Any CPU.Build.0 = Debug|Any CPU
		{E510ED31-7960-424E-90DB-B0C9B0C9B497}.Release|Any CPU.ActiveCfg = Release|Any CPU
		{E510ED31-7960-424E-90DB-B0C9B0C9B497}.Release|Any CPU.Build.0 = Release|Any CPU
		{7585BEF9-0348-4CC3-AA9E-C77DF3C5DE11}.Debug|Any CPU.ActiveCfg = Debug|Any CPU
		{7585BEF9-0348-4CC3-AA9E-C77DF3C5DE11}.Debug|Any CPU.Build.0 = Debug|Any CPU
		{7585BEF9-0348-4CC3-AA9E-C77DF3C5DE11}.Release|Any CPU.ActiveCfg = Release|Any CPU
		{7585BEF9-0348-4CC3-AA9E-C77DF3C5DE11}.Release|Any CPU.Build.0 = Release|Any CPU
		{633A7C59-06B0-44B1-94F7-877EE5E7D3B1}.Debug|Any CPU.ActiveCfg = Debug|Any CPU
		{633A7C59-06B0-44B1-94F7-877EE5E7D3B1}.Debug|Any CPU.Build.0 = Debug|Any CPU
		{633A7C59-06B0-44B1-94F7-877EE5E7D3B1}.Release|Any CPU.ActiveCfg = Release|Any CPU
		{633A7C59-06B0-44B1-94F7-877EE5E7D3B1}.Release|Any CPU.Build.0 = Release|Any CPU
		{7B6AECB5-CCD7-4F91-9D8A-5CAF92B9EDA6}.Debug|Any CPU.ActiveCfg = Debug|Any CPU
		{7B6AECB5-CCD7-4F91-9D8A-5CAF92B9EDA6}.Debug|Any CPU.Build.0 = Debug|Any CPU
		{7B6AECB5-CCD7-4F91-9D8A-5CAF92B9EDA6}.Release|Any CPU.ActiveCfg = Release|Any CPU
		{7B6AECB5-CCD7-4F91-9D8A-5CAF92B9EDA6}.Release|Any CPU.Build.0 = Release|Any CPU
		{F66F5289-FCDF-41E9-AA8A-7D44BA122E5A}.Debug|Any CPU.ActiveCfg = Debug|Any CPU
		{F66F5289-FCDF-41E9-AA8A-7D44BA122E5A}.Debug|Any CPU.Build.0 = Debug|Any CPU
		{F66F5289-FCDF-41E9-AA8A-7D44BA122E5A}.Release|Any CPU.ActiveCfg = Release|Any CPU
		{F66F5289-FCDF-41E9-AA8A-7D44BA122E5A}.Release|Any CPU.Build.0 = Release|Any CPU
		{C69B3861-8D0D-4582-9E53-B03711ADF9A3}.Debug|Any CPU.ActiveCfg = Debug|Any CPU
		{C69B3861-8D0D-4582-9E53-B03711ADF9A3}.Debug|Any CPU.Build.0 = Debug|Any CPU
		{C69B3861-8D0D-4582-9E53-B03711ADF9A3}.Release|Any CPU.ActiveCfg = Release|Any CPU
		{C69B3861-8D0D-4582-9E53-B03711ADF9A3}.Release|Any CPU.Build.0 = Release|Any CPU
		{DF7FC088-6A47-4C32-9D86-BAF31D8EECF4}.Debug|Any CPU.ActiveCfg = Debug|Any CPU
		{DF7FC088-6A47-4C32-9D86-BAF31D8EECF4}.Debug|Any CPU.Build.0 = Debug|Any CPU
		{DF7FC088-6A47-4C32-9D86-BAF31D8EECF4}.Release|Any CPU.ActiveCfg = Release|Any CPU
		{DF7FC088-6A47-4C32-9D86-BAF31D8EECF4}.Release|Any CPU.Build.0 = Release|Any CPU
		{E3321E4F-EA4D-474C-ADBB-B2FA45BF1F51}.Debug|Any CPU.ActiveCfg = Debug|Any CPU
		{E3321E4F-EA4D-474C-ADBB-B2FA45BF1F51}.Debug|Any CPU.Build.0 = Debug|Any CPU
		{E3321E4F-EA4D-474C-ADBB-B2FA45BF1F51}.Release|Any CPU.ActiveCfg = Release|Any CPU
		{E3321E4F-EA4D-474C-ADBB-B2FA45BF1F51}.Release|Any CPU.Build.0 = Release|Any CPU
		{2CED56D7-028F-474C-ABC3-6F332A61D32A}.Debug|Any CPU.ActiveCfg = Debug|Any CPU
		{2CED56D7-028F-474C-ABC3-6F332A61D32A}.Debug|Any CPU.Build.0 = Debug|Any CPU
		{2CED56D7-028F-474C-ABC3-6F332A61D32A}.Release|Any CPU.ActiveCfg = Release|Any CPU
		{2CED56D7-028F-474C-ABC3-6F332A61D32A}.Release|Any CPU.Build.0 = Release|Any CPU
		{1C5FC668-B8AC-4B87-B053-BACAAD003DBF}.Debug|Any CPU.ActiveCfg = Debug|Any CPU
		{1C5FC668-B8AC-4B87-B053-BACAAD003DBF}.Debug|Any CPU.Build.0 = Debug|Any CPU
		{1C5FC668-B8AC-4B87-B053-BACAAD003DBF}.Release|Any CPU.ActiveCfg = Release|Any CPU
		{1C5FC668-B8AC-4B87-B053-BACAAD003DBF}.Release|Any CPU.Build.0 = Release|Any CPU
	EndGlobalSection
	GlobalSection(SolutionProperties) = preSolution
		HideSolutionNode = FALSE
	EndGlobalSection
	GlobalSection(NestedProjects) = preSolution
		{64F5F36B-B58D-4019-9340-62E1D42193D9} = {C65FD6DB-F6AD-4528-902D-7D348E95DDB9}
		{17E612AA-7C32-4A13-B1C4-B175DDF55EF1} = {C42FCAF8-5DAB-492C-9523-5FBF8D4B81FC}
		{5CB3EFD8-31FB-4818-AAF9-4EAEC6E9A1CF} = {C65FD6DB-F6AD-4528-902D-7D348E95DDB9}
		{52F1308B-8861-40F1-8FDD-2FCA4AD29E38} = {A6B8C718-C0B7-413E-8247-347B57A7682A}
		{3C95E21E-8080-4007-BD07-62ACDB4F02FE} = {A6B8C718-C0B7-413E-8247-347B57A7682A}
		{3B6E7F7F-852F-4686-AFCC-1801E1AA614B} = {A6B8C718-C0B7-413E-8247-347B57A7682A}
		{E510ED31-7960-424E-90DB-B0C9B0C9B497} = {A6B8C718-C0B7-413E-8247-347B57A7682A}
		{7585BEF9-0348-4CC3-AA9E-C77DF3C5DE11} = {A6B8C718-C0B7-413E-8247-347B57A7682A}
		{633A7C59-06B0-44B1-94F7-877EE5E7D3B1} = {A6B8C718-C0B7-413E-8247-347B57A7682A}
		{7B6AECB5-CCD7-4F91-9D8A-5CAF92B9EDA6} = {A6B8C718-C0B7-413E-8247-347B57A7682A}
		{F66F5289-FCDF-41E9-AA8A-7D44BA122E5A} = {A6B8C718-C0B7-413E-8247-347B57A7682A}
		{C69B3861-8D0D-4582-9E53-B03711ADF9A3} = {A6B8C718-C0B7-413E-8247-347B57A7682A}
		{DF7FC088-6A47-4C32-9D86-BAF31D8EECF4} = {A6B8C718-C0B7-413E-8247-347B57A7682A}
		{E3321E4F-EA4D-474C-ADBB-B2FA45BF1F51} = {A6B8C718-C0B7-413E-8247-347B57A7682A}
		{2CED56D7-028F-474C-ABC3-6F332A61D32A} = {A6B8C718-C0B7-413E-8247-347B57A7682A}
		{1C5FC668-B8AC-4B87-B053-BACAAD003DBF} = {A6B8C718-C0B7-413E-8247-347B57A7682A}
	EndGlobalSection
EndGlobal
